
Microsoft Visual Studio Solution File, Format Version 12.00
# Visual Studio 2012
Project("{FAE04EC0-301F-11D3-BF4B-00C04F79EFBC}") = "PhoneApp1", "PhoneApp1.csproj", "{92226F45-EF8B-44D6-8BDD-6F4A40A2E798}"
EndProject
Global
	GlobalSection(SolutionConfigurationPlatforms) = preSolution
		Debug|Any CPU = Debug|Any CPU
		Debug|ARM = Debug|ARM
		Debug|x86 = Debug|x86
		Release|Any CPU = Release|Any CPU
		Release|ARM = Release|ARM
		Release|x86 = Release|x86
	EndGlobalSection
	GlobalSection(ProjectConfigurationPlatforms) = postSolution
		{92226F45-EF8B-44D6-8BDD-6F4A40A2E798}.Debug|Any CPU.ActiveCfg = Debug|Any CPU
		{92226F45-EF8B-44D6-8BDD-6F4A40A2E798}.Debug|Any CPU.Build.0 = Debug|Any CPU
		{92226F45-EF8B-44D6-8BDD-6F4A40A2E798}.Debug|Any CPU.Deploy.0 = Debug|Any CPU
		{92226F45-EF8B-44D6-8BDD-6F4A40A2E798}.Debug|ARM.ActiveCfg = Debug|ARM
		{92226F45-EF8B-44D6-8BDD-6F4A40A2E798}.Debug|ARM.Build.0 = Debug|ARM
		{92226F45-EF8B-44D6-8BDD-6F4A40A2E798}.Debug|ARM.Deploy.0 = Debug|ARM
		{92226F45-EF8B-44D6-8BDD-6F4A40A2E798}.Debug|x86.ActiveCfg = Debug|x86
		{92226F45-EF8B-44D6-8BDD-6F4A40A2E798}.Debug|x86.Build.0 = Debug|x86
		{92226F45-EF8B-44D6-8BDD-6F4A40A2E798}.Debug|x86.Deploy.0 = Debug|x86
		{92226F45-EF8B-44D6-8BDD-6F4A40A2E798}.Release|Any CPU.ActiveCfg = Release|Any CPU
		{92226F45-EF8B-44D6-8BDD-6F4A40A2E798}.Release|Any CPU.Build.0 = Release|Any CPU
		{92226F45-EF8B-44D6-8BDD-6F4A40A2E798}.Release|Any CPU.Deploy.0 = Release|Any CPU
		{92226F45-EF8B-44D6-8BDD-6F4A40A2E798}.Release|ARM.ActiveCfg = Release|ARM
		{92226F45-EF8B-44D6-8BDD-6F4A40A2E798}.Release|ARM.Build.0 = Release|ARM
		{92226F45-EF8B-44D6-8BDD-6F4A40A2E798}.Release|ARM.Deploy.0 = Release|ARM
		{92226F45-EF8B-44D6-8BDD-6F4A40A2E798}.Release|x86.ActiveCfg = Release|x86
		{92226F45-EF8B-44D6-8BDD-6F4A40A2E798}.Release|x86.Build.0 = Release|x86
		{92226F45-EF8B-44D6-8BDD-6F4A40A2E798}.Release|x86.Deploy.0 = Release|x86
	EndGlobalSection
	GlobalSection(SolutionProperties) = preSolution
		HideSolutionNode = FALSE
	EndGlobalSection
EndGlobal
