
Microsoft Visual Studio Solution File, Format Version 11.00
# Visual Studio 2010
Project("{FAE04EC0-301F-11D3-BF4B-00C04F79EFBC}") = "denso.twitterlike", "denso.twitterlike\denso.twitterlike.csproj", "{DE389A65-2DF1-4210-A971-4BD5A76CF85C}"
EndProject
Project("{FAE04EC0-301F-11D3-BF4B-00C04F79EFBC}") = "denso.twitterlike.model", "denso.twitterlike.model\denso.twitterlike.model.csproj", "{EFAFC59A-1698-49D2-BFDB-8A34375B2EFC}"
EndProject
Project("{FAE04EC0-301F-11D3-BF4B-00C04F79EFBC}") = "densodb.twitter.eventhandlers", "densodb.twitter.eventHandlers\densodb.twitter.eventhandlers.csproj", "{6038F4FF-C768-4DA8-A694-E696884FB324}"
EndProject
Project("{FAE04EC0-301F-11D3-BF4B-00C04F79EFBC}") = "DeNSo.Meta", "..\..\DeNSo.Meta\DeNSo.Meta.csproj", "{FDBAC522-A00C-46A1-B197-FA9AC2788422}"
EndProject
Project("{FAE04EC0-301F-11D3-BF4B-00C04F79EFBC}") = "DeNSo.Core", "..\..\DeNSo.Core\DeNSo.Core.csproj", "{60B0B52B-2846-41DF-931D-24032CF4E9E8}"
EndProject
Project("{FAE04EC0-301F-11D3-BF4B-00C04F79EFBC}") = "DeNSo.P2P", "..\..\DeNSo.P2P\DeNSo.P2P.csproj", "{1F4C5739-676D-4692-A325-9AA47B0CB880}"
EndProject
Global
	GlobalSection(SolutionConfigurationPlatforms) = preSolution
		Debug|Any CPU = Debug|Any CPU
		Debug|Mixed Platforms = Debug|Mixed Platforms
		Debug|x86 = Debug|x86
		Release|Any CPU = Release|Any CPU
		Release|Mixed Platforms = Release|Mixed Platforms
		Release|x86 = Release|x86
	EndGlobalSection
	GlobalSection(ProjectConfigurationPlatforms) = postSolution
		{DE389A65-2DF1-4210-A971-4BD5A76CF85C}.Debug|Any CPU.ActiveCfg = Debug|x86
		{DE389A65-2DF1-4210-A971-4BD5A76CF85C}.Debug|Mixed Platforms.ActiveCfg = Debug|x86
		{DE389A65-2DF1-4210-A971-4BD5A76CF85C}.Debug|Mixed Platforms.Build.0 = Debug|x86
		{DE389A65-2DF1-4210-A971-4BD5A76CF85C}.Debug|x86.ActiveCfg = Debug|x86
		{DE389A65-2DF1-4210-A971-4BD5A76CF85C}.Debug|x86.Build.0 = Debug|x86
		{DE389A65-2DF1-4210-A971-4BD5A76CF85C}.Release|Any CPU.ActiveCfg = Release|x86
		{DE389A65-2DF1-4210-A971-4BD5A76CF85C}.Release|Mixed Platforms.ActiveCfg = Release|x86
		{DE389A65-2DF1-4210-A971-4BD5A76CF85C}.Release|Mixed Platforms.Build.0 = Release|x86
		{DE389A65-2DF1-4210-A971-4BD5A76CF85C}.Release|x86.ActiveCfg = Release|x86
		{DE389A65-2DF1-4210-A971-4BD5A76CF85C}.Release|x86.Build.0 = Release|x86
		{EFAFC59A-1698-49D2-BFDB-8A34375B2EFC}.Debug|Any CPU.ActiveCfg = Debug|Any CPU
		{EFAFC59A-1698-49D2-BFDB-8A34375B2EFC}.Debug|Any CPU.Build.0 = Debug|Any CPU
		{EFAFC59A-1698-49D2-BFDB-8A34375B2EFC}.Debug|Mixed Platforms.ActiveCfg = Debug|Any CPU
		{EFAFC59A-1698-49D2-BFDB-8A34375B2EFC}.Debug|Mixed Platforms.Build.0 = Debug|Any CPU
		{EFAFC59A-1698-49D2-BFDB-8A34375B2EFC}.Debug|x86.ActiveCfg = Debug|Any CPU
		{EFAFC59A-1698-49D2-BFDB-8A34375B2EFC}.Release|Any CPU.ActiveCfg = Release|Any CPU
		{EFAFC59A-1698-49D2-BFDB-8A34375B2EFC}.Release|Any CPU.Build.0 = Release|Any CPU
		{EFAFC59A-1698-49D2-BFDB-8A34375B2EFC}.Release|Mixed Platforms.ActiveCfg = Release|Any CPU
		{EFAFC59A-1698-49D2-BFDB-8A34375B2EFC}.Release|Mixed Platforms.Build.0 = Release|Any CPU
		{EFAFC59A-1698-49D2-BFDB-8A34375B2EFC}.Release|x86.ActiveCfg = Release|Any CPU
		{6038F4FF-C768-4DA8-A694-E696884FB324}.Debug|Any CPU.ActiveCfg = Debug|Any CPU
		{6038F4FF-C768-4DA8-A694-E696884FB324}.Debug|Any CPU.Build.0 = Debug|Any CPU
		{6038F4FF-C768-4DA8-A694-E696884FB324}.Debug|Mixed Platforms.ActiveCfg = Debug|Any CPU
		{6038F4FF-C768-4DA8-A694-E696884FB324}.Debug|Mixed Platforms.Build.0 = Debug|Any CPU
		{6038F4FF-C768-4DA8-A694-E696884FB324}.Debug|x86.ActiveCfg = Debug|Any CPU
		{6038F4FF-C768-4DA8-A694-E696884FB324}.Release|Any CPU.ActiveCfg = Release|Any CPU
		{6038F4FF-C768-4DA8-A694-E696884FB324}.Release|Any CPU.Build.0 = Release|Any CPU
		{6038F4FF-C768-4DA8-A694-E696884FB324}.Release|Mixed Platforms.ActiveCfg = Release|Any CPU
		{6038F4FF-C768-4DA8-A694-E696884FB324}.Release|Mixed Platforms.Build.0 = Release|Any CPU
		{6038F4FF-C768-4DA8-A694-E696884FB324}.Release|x86.ActiveCfg = Release|Any CPU
		{FDBAC522-A00C-46A1-B197-FA9AC2788422}.Debug|Any CPU.ActiveCfg = Debug|Any CPU
		{FDBAC522-A00C-46A1-B197-FA9AC2788422}.Debug|Any CPU.Build.0 = Debug|Any CPU
		{FDBAC522-A00C-46A1-B197-FA9AC2788422}.Debug|Mixed Platforms.ActiveCfg = Debug|Any CPU
		{FDBAC522-A00C-46A1-B197-FA9AC2788422}.Debug|Mixed Platforms.Build.0 = Debug|Any CPU
		{FDBAC522-A00C-46A1-B197-FA9AC2788422}.Debug|x86.ActiveCfg = Debug|Any CPU
		{FDBAC522-A00C-46A1-B197-FA9AC2788422}.Release|Any CPU.ActiveCfg = Release|Any CPU
		{FDBAC522-A00C-46A1-B197-FA9AC2788422}.Release|Any CPU.Build.0 = Release|Any CPU
		{FDBAC522-A00C-46A1-B197-FA9AC2788422}.Release|Mixed Platforms.ActiveCfg = Release|Any CPU
		{FDBAC522-A00C-46A1-B197-FA9AC2788422}.Release|Mixed Platforms.Build.0 = Release|Any CPU
		{FDBAC522-A00C-46A1-B197-FA9AC2788422}.Release|x86.ActiveCfg = Release|Any CPU
		{60B0B52B-2846-41DF-931D-24032CF4E9E8}.Debug|Any CPU.ActiveCfg = Debug|Any CPU
		{60B0B52B-2846-41DF-931D-24032CF4E9E8}.Debug|Any CPU.Build.0 = Debug|Any CPU
		{60B0B52B-2846-41DF-931D-24032CF4E9E8}.Debug|Mixed Platforms.ActiveCfg = Debug|Any CPU
		{60B0B52B-2846-41DF-931D-24032CF4E9E8}.Debug|Mixed Platforms.Build.0 = Debug|Any CPU
		{60B0B52B-2846-41DF-931D-24032CF4E9E8}.Debug|x86.ActiveCfg = Debug|Any CPU
		{60B0B52B-2846-41DF-931D-24032CF4E9E8}.Release|Any CPU.ActiveCfg = Release|Any CPU
		{60B0B52B-2846-41DF-931D-24032CF4E9E8}.Release|Any CPU.Build.0 = Release|Any CPU
		{60B0B52B-2846-41DF-931D-24032CF4E9E8}.Release|Mixed Platforms.ActiveCfg = Release|Any CPU
		{60B0B52B-2846-41DF-931D-24032CF4E9E8}.Release|Mixed Platforms.Build.0 = Release|Any CPU
		{60B0B52B-2846-41DF-931D-24032CF4E9E8}.Release|x86.ActiveCfg = Release|Any CPU
		{1F4C5739-676D-4692-A325-9AA47B0CB880}.Debug|Any CPU.ActiveCfg = Debug|Any CPU
		{1F4C5739-676D-4692-A325-9AA47B0CB880}.Debug|Any CPU.Build.0 = Debug|Any CPU
		{1F4C5739-676D-4692-A325-9AA47B0CB880}.Debug|Mixed Platforms.ActiveCfg = Debug|Any CPU
		{1F4C5739-676D-4692-A325-9AA47B0CB880}.Debug|Mixed Platforms.Build.0 = Debug|Any CPU
		{1F4C5739-676D-4692-A325-9AA47B0CB880}.Debug|x86.ActiveCfg = Debug|Any CPU
		{1F4C5739-676D-4692-A325-9AA47B0CB880}.Release|Any CPU.ActiveCfg = Release|Any CPU
		{1F4C5739-676D-4692-A325-9AA47B0CB880}.Release|Any CPU.Build.0 = Release|Any CPU
		{1F4C5739-676D-4692-A325-9AA47B0CB880}.Release|Mixed Platforms.ActiveCfg = Release|Any CPU
		{1F4C5739-676D-4692-A325-9AA47B0CB880}.Release|Mixed Platforms.Build.0 = Release|Any CPU
		{1F4C5739-676D-4692-A325-9AA47B0CB880}.Release|x86.ActiveCfg = Release|Any CPU
	EndGlobalSection
	GlobalSection(SolutionProperties) = preSolution
		HideSolutionNode = FALSE
	EndGlobalSection
EndGlobal
