
Microsoft Visual Studio Solution File, Format Version 12.00
# Visual Studio 2012
Project("{FAE04EC0-301F-11D3-BF4B-00C04F79EFBC}") = "Blog Sample", "Blog Sample\Blog Sample.csproj", "{72736B21-82FF-4C35-AA7F-EA3D7A6D63EE}"
EndProject
Global
	GlobalSection(SolutionConfigurationPlatforms) = preSolution
		Debug|Any CPU = Debug|Any CPU
		Release|Any CPU = Release|Any CPU
	EndGlobalSection
	GlobalSection(ProjectConfigurationPlatforms) = postSolution
		{72736B21-82FF-4C35-AA7F-EA3D7A6D63EE}.Debug|Any CPU.ActiveCfg = Debug|Any CPU
		{72736B21-82FF-4C35-AA7F-EA3D7A6D63EE}.Debug|Any CPU.Build.0 = Debug|Any CPU
		{72736B21-82FF-4C35-AA7F-EA3D7A6D63EE}.Release|Any CPU.ActiveCfg = Release|Any CPU
		{72736B21-82FF-4C35-AA7F-EA3D7A6D63EE}.Release|Any CPU.Build.0 = Release|Any CPU
	EndGlobalSection
	GlobalSection(SolutionProperties) = preSolution
		HideSolutionNode = FALSE
	EndGlobalSection
EndGlobal
